{
  "nodes": {
    "nixpkgs": {
      "locked": {
        "lastModified": 1685094109,
        "narHash": "sha256-u+awry81RAVV+fJBCZt+GKWsISSLJKUNbVwKccHeaPU=",
        "owner": "NixOS",
        "repo": "nixpkgs",
        "rev": "551a52bfdd02e7b75be5faf9b42f864112d88654",
        "type": "github"
      },
      "original": {
        "id": "nixpkgs",
        "ref": "nixos-23.05",
        "type": "indirect"
      }
    },
    "root": {
      "inputs": {
        "nixpkgs": "nixpkgs"
      }
    }
  },
  "root": "root",
  "version": 7
}
